
Microsoft Visual Studio Solution File, Format Version 12.00
# Visual Studio 14
VisualStudioVersion = 14.0.23107.0
MinimumVisualStudioVersion = 10.0.40219.1
Project("{8BC9CEB8-8B4A-11D0-8D11-00A0C91BC942}") = "Win32Project1", "Win32Project1\Win32Project1.vcxproj", "{E3F9F795-B657-4F25-BA09-049CA43277BA}"
EndProject
Project("{8BC9CEB8-8B4A-11D0-8D11-00A0C91BC942}") = "MFCApplication1", "MFCApplication1\MFCApplication1.vcxproj", "{A826C984-0050-4A8E-80D7-F0EDD8F9EC2C}"
EndProject
Project("{8BC9CEB8-8B4A-11D0-8D11-00A0C91BC942}") = "Win32Project2", "Win32Project2\Win32Project2.vcxproj", "{01CCB48F-5319-48CF-BCFD-3CE0B861B42D}"
EndProject
Global
	GlobalSection(SolutionConfigurationPlatforms) = preSolution
		Debug|x64 = Debug|x64
		Debug|x86 = Debug|x86
		Release|x64 = Release|x64
		Release|x86 = Release|x86
	EndGlobalSection
	GlobalSection(ProjectConfigurationPlatforms) = postSolution
		{E3F9F795-B657-4F25-BA09-049CA43277BA}.Debug|x64.ActiveCfg = Debug|x64
		{E3F9F795-B657-4F25-BA09-049CA43277BA}.Debug|x64.Build.0 = Debug|x64
		{E3F9F795-B657-4F25-BA09-049CA43277BA}.Debug|x86.ActiveCfg = Debug|Win32
		{E3F9F795-B657-4F25-BA09-049CA43277BA}.Debug|x86.Build.0 = Debug|Win32
		{E3F9F795-B657-4F25-BA09-049CA43277BA}.Release|x64.ActiveCfg = Release|x64
		{E3F9F795-B657-4F25-BA09-049CA43277BA}.Release|x64.Build.0 = Release|x64
		{E3F9F795-B657-4F25-BA09-049CA43277BA}.Release|x86.ActiveCfg = Release|Win32
		{E3F9F795-B657-4F25-BA09-049CA43277BA}.Release|x86.Build.0 = Release|Win32
		{A826C984-0050-4A8E-80D7-F0EDD8F9EC2C}.Debug|x64.ActiveCfg = Debug|x64
		{A826C984-0050-4A8E-80D7-F0EDD8F9EC2C}.Debug|x64.Build.0 = Debug|x64
		{A826C984-0050-4A8E-80D7-F0EDD8F9EC2C}.Debug|x86.ActiveCfg = Debug|Win32
		{A826C984-0050-4A8E-80D7-F0EDD8F9EC2C}.Debug|x86.Build.0 = Debug|Win32
		{A826C984-0050-4A8E-80D7-F0EDD8F9EC2C}.Release|x64.ActiveCfg = Release|x64
		{A826C984-0050-4A8E-80D7-F0EDD8F9EC2C}.Release|x64.Build.0 = Release|x64
		{A826C984-0050-4A8E-80D7-F0EDD8F9EC2C}.Release|x86.ActiveCfg = Release|Win32
		{A826C984-0050-4A8E-80D7-F0EDD8F9EC2C}.Release|x86.Build.0 = Release|Win32
		{01CCB48F-5319-48CF-BCFD-3CE0B861B42D}.Debug|x64.ActiveCfg = Debug|x64
		{01CCB48F-5319-48CF-BCFD-3CE0B861B42D}.Debug|x64.Build.0 = Debug|x64
		{01CCB48F-5319-48CF-BCFD-3CE0B861B42D}.Debug|x86.ActiveCfg = Debug|Win32
		{01CCB48F-5319-48CF-BCFD-3CE0B861B42D}.Debug|x86.Build.0 = Debug|Win32
		{01CCB48F-5319-48CF-BCFD-3CE0B861B42D}.Release|x64.ActiveCfg = Release|x64
		{01CCB48F-5319-48CF-BCFD-3CE0B861B42D}.Release|x64.Build.0 = Release|x64
		{01CCB48F-5319-48CF-BCFD-3CE0B861B42D}.Release|x86.ActiveCfg = Release|Win32
		{01CCB48F-5319-48CF-BCFD-3CE0B861B42D}.Release|x86.Build.0 = Release|Win32
	EndGlobalSection
	GlobalSection(SolutionProperties) = preSolution
		HideSolutionNode = FALSE
	EndGlobalSection
EndGlobal
